
Microsoft Visual Studio Solution File, Format Version 12.00
# Visual Studio 15
VisualStudioVersion = 15.0.28307.421
MinimumVisualStudioVersion = 10.0.40219.1
Project("{FAE04EC0-301F-11D3-BF4B-00C04F79EFBC}") = "SwaggerDemoWebAPI", "SwaggerDemoWebAPI\SwaggerDemoWebAPI.csproj", "{851A50B7-2436-4692-8071-63B2426EB3BF}"
EndProject
Global
	GlobalSection(SolutionConfigurationPlatforms) = preSolution
		Debug|Any CPU = Debug|Any CPU
		Release|Any CPU = Release|Any CPU
	EndGlobalSection
	GlobalSection(ProjectConfigurationPlatforms) = postSolution
		{851A50B7-2436-4692-8071-63B2426EB3BF}.Debug|Any CPU.ActiveCfg = Debug|Any CPU
		{851A50B7-2436-4692-8071-63B2426EB3BF}.Debug|Any CPU.Build.0 = Debug|Any CPU
		{851A50B7-2436-4692-8071-63B2426EB3BF}.Release|Any CPU.ActiveCfg = Release|Any CPU
		{851A50B7-2436-4692-8071-63B2426EB3BF}.Release|Any CPU.Build.0 = Release|Any CPU
	EndGlobalSection
	GlobalSection(SolutionProperties) = preSolution
		HideSolutionNode = FALSE
	EndGlobalSection
	GlobalSection(ExtensibilityGlobals) = postSolution
		SolutionGuid = {9F515D5D-C699-47EC-B14A-F01DA6315601}
	EndGlobalSection
EndGlobal
